
Microsoft Visual Studio Solution File, Format Version 12.00
# Visual Studio Version 16
VisualStudioVersion = 16.0.30330.147
MinimumVisualStudioVersion = 10.0.40219.1
Project("{888888A0-9F3D-457C-B088-3A5042F75D52}") = "LearnDjangoWebProject", "LearnDjangoWebProject\LearnDjangoWebProject.pyproj", "{C2D04A28-3061-4B67-9DE0-02EEB7DFD0C4}"
EndProject
Global
	GlobalSection(SolutionConfigurationPlatforms) = preSolution
		Debug|Any CPU = Debug|Any CPU
		Release|Any CPU = Release|Any CPU
	EndGlobalSection
	GlobalSection(ProjectConfigurationPlatforms) = postSolution
		{C2D04A28-3061-4B67-9DE0-02EEB7DFD0C4}.Debug|Any CPU.ActiveCfg = Debug|Any CPU
		{C2D04A28-3061-4B67-9DE0-02EEB7DFD0C4}.Debug|Any CPU.Build.0 = Debug|Any CPU
		{C2D04A28-3061-4B67-9DE0-02EEB7DFD0C4}.Release|Any CPU.ActiveCfg = Release|Any CPU
		{C2D04A28-3061-4B67-9DE0-02EEB7DFD0C4}.Release|Any CPU.Build.0 = Release|Any CPU
	EndGlobalSection
	GlobalSection(SolutionProperties) = preSolution
		HideSolutionNode = FALSE
	EndGlobalSection
	GlobalSection(ExtensibilityGlobals) = postSolution
		SolutionGuid = {C9944B61-0B7F-4694-B7D6-8CF453A81590}
	EndGlobalSection
EndGlobal
